
Microsoft Visual Studio Solution File, Format Version 12.00
# Visual Studio 15
VisualStudioVersion = 15.0.28307.1525
MinimumVisualStudioVersion = 10.0.40219.1
Project("{FAE04EC0-301F-11D3-BF4B-00C04F79EFBC}") = "API", "API\API.csproj", "{CDEDA282-CE0C-4B5D-A3A9-2C8BBBE70F01}"
EndProject
Project("{FAE04EC0-301F-11D3-BF4B-00C04F79EFBC}") = "Angular", "Angular\Angular.csproj", "{A0E7276C-5D2E-4716-B187-90A5CEE2C8DD}"
EndProject
Global
	GlobalSection(SolutionConfigurationPlatforms) = preSolution
		Debug|Any CPU = Debug|Any CPU
		Release|Any CPU = Release|Any CPU
	EndGlobalSection
	GlobalSection(ProjectConfigurationPlatforms) = postSolution
		{CDEDA282-CE0C-4B5D-A3A9-2C8BBBE70F01}.Debug|Any CPU.ActiveCfg = Debug|Any CPU
		{CDEDA282-CE0C-4B5D-A3A9-2C8BBBE70F01}.Debug|Any CPU.Build.0 = Debug|Any CPU
		{CDEDA282-CE0C-4B5D-A3A9-2C8BBBE70F01}.Release|Any CPU.ActiveCfg = Release|Any CPU
		{CDEDA282-CE0C-4B5D-A3A9-2C8BBBE70F01}.Release|Any CPU.Build.0 = Release|Any CPU
		{A0E7276C-5D2E-4716-B187-90A5CEE2C8DD}.Debug|Any CPU.ActiveCfg = Debug|Any CPU
		{A0E7276C-5D2E-4716-B187-90A5CEE2C8DD}.Debug|Any CPU.Build.0 = Debug|Any CPU
		{A0E7276C-5D2E-4716-B187-90A5CEE2C8DD}.Release|Any CPU.ActiveCfg = Release|Any CPU
		{A0E7276C-5D2E-4716-B187-90A5CEE2C8DD}.Release|Any CPU.Build.0 = Release|Any CPU
	EndGlobalSection
	GlobalSection(SolutionProperties) = preSolution
		HideSolutionNode = FALSE
	EndGlobalSection
	GlobalSection(ExtensibilityGlobals) = postSolution
		SolutionGuid = {313E100F-32AB-44AB-BA7C-6B46AD54FD01}
	EndGlobalSection
EndGlobal
